
Microsoft Visual Studio Solution File, Format Version 12.00
# Visual Studio Version 16
VisualStudioVersion = 16.0.33423.256
MinimumVisualStudioVersion = 10.0.40219.1
Project("{FAE04EC0-301F-11D3-BF4B-00C04F79EFBC}") = "MangaWorld_admin", "MangaWorld_admin\MangaWorld_admin.csproj", "{04261BCA-8942-43DE-AFCE-C39C2F82ABA4}"
EndProject
Global
	GlobalSection(SolutionConfigurationPlatforms) = preSolution
		Debug|Any CPU = Debug|Any CPU
		Release|Any CPU = Release|Any CPU
	EndGlobalSection
	GlobalSection(ProjectConfigurationPlatforms) = postSolution
		{04261BCA-8942-43DE-AFCE-C39C2F82ABA4}.Debug|Any CPU.ActiveCfg = Debug|Any CPU
		{04261BCA-8942-43DE-AFCE-C39C2F82ABA4}.Debug|Any CPU.Build.0 = Debug|Any CPU
		{04261BCA-8942-43DE-AFCE-C39C2F82ABA4}.Release|Any CPU.ActiveCfg = Release|Any CPU
		{04261BCA-8942-43DE-AFCE-C39C2F82ABA4}.Release|Any CPU.Build.0 = Release|Any CPU
	EndGlobalSection
	GlobalSection(SolutionProperties) = preSolution
		HideSolutionNode = FALSE
	EndGlobalSection
	GlobalSection(ExtensibilityGlobals) = postSolution
		SolutionGuid = {37D56AC2-13F6-4C67-A020-5C8725815B37}
	EndGlobalSection
EndGlobal
